
Microsoft Visual Studio Solution File, Format Version 12.00
# Visual Studio Version 17
VisualStudioVersion = 17.0.31903.59
MinimumVisualStudioVersion = 10.0.40219.1
Project("{FAE04EC0-301F-11D3-BF4B-00C04F79EFBC}") = "API", "API\API.csproj", "{D4CFB28C-F98F-48EE-8958-380612C8D40B}"
EndProject
Project("{FAE04EC0-301F-11D3-BF4B-00C04F79EFBC}") = "Core", "Core\Core.csproj", "{75297CAF-8E88-4073-BD8F-5C325A6CDDF6}"
EndProject
Project("{FAE04EC0-301F-11D3-BF4B-00C04F79EFBC}") = "Infrastructure", "Infrastructure\Infrastructure.csproj", "{D07BDDB1-89E7-4F7A-B0BD-C96636C9888B}"
EndProject
Global
	GlobalSection(SolutionConfigurationPlatforms) = preSolution
		Debug|Any CPU = Debug|Any CPU
		Release|Any CPU = Release|Any CPU
	EndGlobalSection
	GlobalSection(SolutionProperties) = preSolution
		HideSolutionNode = FALSE
	EndGlobalSection
	GlobalSection(ProjectConfigurationPlatforms) = postSolution
		{D4CFB28C-F98F-48EE-8958-380612C8D40B}.Debug|Any CPU.ActiveCfg = Debug|Any CPU
		{D4CFB28C-F98F-48EE-8958-380612C8D40B}.Debug|Any CPU.Build.0 = Debug|Any CPU
		{D4CFB28C-F98F-48EE-8958-380612C8D40B}.Release|Any CPU.ActiveCfg = Release|Any CPU
		{D4CFB28C-F98F-48EE-8958-380612C8D40B}.Release|Any CPU.Build.0 = Release|Any CPU
		{75297CAF-8E88-4073-BD8F-5C325A6CDDF6}.Debug|Any CPU.ActiveCfg = Debug|Any CPU
		{75297CAF-8E88-4073-BD8F-5C325A6CDDF6}.Debug|Any CPU.Build.0 = Debug|Any CPU
		{75297CAF-8E88-4073-BD8F-5C325A6CDDF6}.Release|Any CPU.ActiveCfg = Release|Any CPU
		{75297CAF-8E88-4073-BD8F-5C325A6CDDF6}.Release|Any CPU.Build.0 = Release|Any CPU
		{D07BDDB1-89E7-4F7A-B0BD-C96636C9888B}.Debug|Any CPU.ActiveCfg = Debug|Any CPU
		{D07BDDB1-89E7-4F7A-B0BD-C96636C9888B}.Debug|Any CPU.Build.0 = Debug|Any CPU
		{D07BDDB1-89E7-4F7A-B0BD-C96636C9888B}.Release|Any CPU.ActiveCfg = Release|Any CPU
		{D07BDDB1-89E7-4F7A-B0BD-C96636C9888B}.Release|Any CPU.Build.0 = Release|Any CPU
	EndGlobalSection
EndGlobal
